// !$*UTF8*$!
{
	archiveVersion = 1;
	classes = {
	};
	objectVersion = 56;
	objects = {

/* Begin PBXBuildFile section */
		FC0001010000000000000001 /* FitCheckApp.swift in Sources */ = {isa = PBXBuildFile; fileRef = FC0002010000000000000001 /* FitCheckApp.swift */; };
		FC0001020000000000000001 /* FitCheckRootView.swift in Sources */ = {isa = PBXBuildFile; fileRef = FC0002020000000000000001 /* FitCheckRootView.swift */; };
		FC0001030000000000000001 /* AppTab.swift in Sources */ = {isa = PBXBuildFile; fileRef = FC0002030000000000000001 /* AppTab.swift */; };
		FC0001040000000000000001 /* FitCheckModels.swift in Sources */ = {isa = PBXBuildFile; fileRef = FC0002040000000000000001 /* FitCheckModels.swift */; };
		FC0001050000000000000001 /* OutfitRecommendationEngine.swift in Sources */ = {isa = PBXBuildFile; fileRef = FC0002050000000000000001 /* OutfitRecommendationEngine.swift */; };
		FC0001060000000000000001 /* OpenAIOutfitClient.swift in Sources */ = {isa = PBXBuildFile; fileRef = FC0002060000000000000001 /* OpenAIOutfitClient.swift */; };
		FC0001070000000000000001 /* TripPlanningService.swift in Sources */ = {isa = PBXBuildFile; fileRef = FC0002070000000000000001 /* TripPlanningService.swift */; };
		FC0001080000000000000001 /* RecommendationCard.swift in Sources */ = {isa = PBXBuildFile; fileRef = FC0002080000000000000001 /* RecommendationCard.swift */; };
		FC0001090000000000000001 /* TodayOutfitView.swift in Sources */ = {isa = PBXBuildFile; fileRef = FC0002090000000000000001 /* TodayOutfitView.swift */; };
		FC00010A0000000000000001 /* ClosetView.swift in Sources */ = {isa = PBXBuildFile; fileRef = FC00020A0000000000000001 /* ClosetView.swift */; };
		FC00010B0000000000000001 /* ClothingItemEditorView.swift in Sources */ = {isa = PBXBuildFile; fileRef = FC00020B0000000000000001 /* ClothingItemEditorView.swift */; };
		FC00010C0000000000000001 /* OutfitBuilderView.swift in Sources */ = {isa = PBXBuildFile; fileRef = FC00020C0000000000000001 /* OutfitBuilderView.swift */; };
		FC00010D0000000000000001 /* OutfitHistoryView.swift in Sources */ = {isa = PBXBuildFile; fileRef = FC00020D0000000000000001 /* OutfitHistoryView.swift */; };
		FC00010E0000000000000001 /* StylePreferencesView.swift in Sources */ = {isa = PBXBuildFile; fileRef = FC00020E0000000000000001 /* StylePreferencesView.swift */; };
		FC00010F0000000000000001 /* TripPlannerView.swift in Sources */ = {isa = PBXBuildFile; fileRef = FC00020F0000000000000001 /* TripPlannerView.swift */; };
		FC0001100000000000000001 /* SettingsView.swift in Sources */ = {isa = PBXBuildFile; fileRef = FC0002100000000000000001 /* SettingsView.swift */; };
		FC0001110000000000000001 /* MoreView.swift in Sources */ = {isa = PBXBuildFile; fileRef = FC0002110000000000000001 /* MoreView.swift */; };
		FC0001130000000000000001 /* WeatherLookupService.swift in Sources */ = {isa = PBXBuildFile; fileRef = FC0002140000000000000001 /* WeatherLookupService.swift */; };
		FC0001140000000000000001 /* Assets.xcassets in Resources */ = {isa = PBXBuildFile; fileRef = FC0002150000000000000001 /* Assets.xcassets */; };
		FC0001150000000000000001 /* FitCheckBackupService.swift in Sources */ = {isa = PBXBuildFile; fileRef = FC0002160000000000000001 /* FitCheckBackupService.swift */; };
		FC0001160000000000000001 /* FitCheckHistoryService.swift in Sources */ = {isa = PBXBuildFile; fileRef = FC0002170000000000000001 /* FitCheckHistoryService.swift */; };
		FC0001170000000000000001 /* PhotoImportSupport.swift in Sources */ = {isa = PBXBuildFile; fileRef = FC0002180000000000000001 /* PhotoImportSupport.swift */; };
		FC0001180000000000000001 /* WardrobePhotoImportView.swift in Sources */ = {isa = PBXBuildFile; fileRef = FC0002190000000000000001 /* WardrobePhotoImportView.swift */; };
		FC0001190000000000000001 /* FitCheckFirebaseAppDelegate.swift in Sources */ = {isa = PBXBuildFile; fileRef = FC00021A0000000000000001 /* FitCheckFirebaseAppDelegate.swift */; };
		FC00011A0000000000000001 /* FirebaseAccountService.swift in Sources */ = {isa = PBXBuildFile; fileRef = FC00021B0000000000000001 /* FirebaseAccountService.swift */; };
		FC00011B0000000000000001 /* AccountView.swift in Sources */ = {isa = PBXBuildFile; fileRef = FC00021C0000000000000001 /* AccountView.swift */; };
		FC0001200000000000000001 /* BulkWardrobeImportView.swift in Sources */ = {isa = PBXBuildFile; fileRef = FC0002200000000000000001 /* BulkWardrobeImportView.swift */; };
		FC0001210000000000000001 /* AvatarStudioView.swift in Sources */ = {isa = PBXBuildFile; fileRef = FC0002210000000000000001 /* AvatarStudioView.swift */; };
		FC00011C0000000000000001 /* FirebaseCore in Frameworks */ = {isa = PBXBuildFile; productRef = FC000A010000000000000001 /* FirebaseCore */; };
		FC00011D0000000000000001 /* FirebaseAuth in Frameworks */ = {isa = PBXBuildFile; productRef = FC000A020000000000000001 /* FirebaseAuth */; };
		FC00011E0000000000000001 /* FirebaseFirestore in Frameworks */ = {isa = PBXBuildFile; productRef = FC000A030000000000000001 /* FirebaseFirestore */; };
		FC00011F0000000000000001 /* GoogleService-Info.plist in Resources */ = {isa = PBXBuildFile; fileRef = FC00021D0000000000000001 /* GoogleService-Info.plist */; };
/* End PBXBuildFile section */

/* Begin PBXFileReference section */
		FC0002010000000000000001 /* FitCheckApp.swift */ = {isa = PBXFileReference; lastKnownFileType = sourcecode.swift; path = FitCheckApp.swift; sourceTree = "<group>"; };
		FC0002020000000000000001 /* FitCheckRootView.swift */ = {isa = PBXFileReference; lastKnownFileType = sourcecode.swift; path = FitCheckRootView.swift; sourceTree = "<group>"; };
		FC0002030000000000000001 /* AppTab.swift */ = {isa = PBXFileReference; lastKnownFileType = sourcecode.swift; path = AppTab.swift; sourceTree = "<group>"; };
		FC0002040000000000000001 /* FitCheckModels.swift */ = {isa = PBXFileReference; lastKnownFileType = sourcecode.swift; path = FitCheckModels.swift; sourceTree = "<group>"; };
		FC0002050000000000000001 /* OutfitRecommendationEngine.swift */ = {isa = PBXFileReference; lastKnownFileType = sourcecode.swift; path = OutfitRecommendationEngine.swift; sourceTree = "<group>"; };
		FC0002060000000000000001 /* OpenAIOutfitClient.swift */ = {isa = PBXFileReference; lastKnownFileType = sourcecode.swift; path = OpenAIOutfitClient.swift; sourceTree = "<group>"; };
		FC0002070000000000000001 /* TripPlanningService.swift */ = {isa = PBXFileReference; lastKnownFileType = sourcecode.swift; path = TripPlanningService.swift; sourceTree = "<group>"; };
		FC0002080000000000000001 /* RecommendationCard.swift */ = {isa = PBXFileReference; lastKnownFileType = sourcecode.swift; path = RecommendationCard.swift; sourceTree = "<group>"; };
		FC0002090000000000000001 /* TodayOutfitView.swift */ = {isa = PBXFileReference; lastKnownFileType = sourcecode.swift; path = TodayOutfitView.swift; sourceTree = "<group>"; };
		FC00020A0000000000000001 /* ClosetView.swift */ = {isa = PBXFileReference; lastKnownFileType = sourcecode.swift; path = ClosetView.swift; sourceTree = "<group>"; };
		FC00020B0000000000000001 /* ClothingItemEditorView.swift */ = {isa = PBXFileReference; lastKnownFileType = sourcecode.swift; path = ClothingItemEditorView.swift; sourceTree = "<group>"; };
		FC00020C0000000000000001 /* OutfitBuilderView.swift */ = {isa = PBXFileReference; lastKnownFileType = sourcecode.swift; path = OutfitBuilderView.swift; sourceTree = "<group>"; };
		FC00020D0000000000000001 /* OutfitHistoryView.swift */ = {isa = PBXFileReference; lastKnownFileType = sourcecode.swift; path = OutfitHistoryView.swift; sourceTree = "<group>"; };
		FC00020E0000000000000001 /* StylePreferencesView.swift */ = {isa = PBXFileReference; lastKnownFileType = sourcecode.swift; path = StylePreferencesView.swift; sourceTree = "<group>"; };
		FC00020F0000000000000001 /* TripPlannerView.swift */ = {isa = PBXFileReference; lastKnownFileType = sourcecode.swift; path = TripPlannerView.swift; sourceTree = "<group>"; };
		FC0002100000000000000001 /* SettingsView.swift */ = {isa = PBXFileReference; lastKnownFileType = sourcecode.swift; path = SettingsView.swift; sourceTree = "<group>"; };
		FC0002110000000000000001 /* MoreView.swift */ = {isa = PBXFileReference; lastKnownFileType = sourcecode.swift; path = MoreView.swift; sourceTree = "<group>"; };
		FC0002130000000000000001 /* FitCheck.app */ = {isa = PBXFileReference; explicitFileType = wrapper.application; includeInIndex = 0; path = FitCheck.app; sourceTree = BUILT_PRODUCTS_DIR; };
		FC0002140000000000000001 /* WeatherLookupService.swift */ = {isa = PBXFileReference; lastKnownFileType = sourcecode.swift; path = WeatherLookupService.swift; sourceTree = "<group>"; };
		FC0002150000000000000001 /* Assets.xcassets */ = {isa = PBXFileReference; lastKnownFileType = folder.assetcatalog; path = Assets.xcassets; sourceTree = "<group>"; };
		FC0002160000000000000001 /* FitCheckBackupService.swift */ = {isa = PBXFileReference; lastKnownFileType = sourcecode.swift; path = FitCheckBackupService.swift; sourceTree = "<group>"; };
		FC0002170000000000000001 /* FitCheckHistoryService.swift */ = {isa = PBXFileReference; lastKnownFileType = sourcecode.swift; path = FitCheckHistoryService.swift; sourceTree = "<group>"; };
		FC0002180000000000000001 /* PhotoImportSupport.swift */ = {isa = PBXFileReference; lastKnownFileType = sourcecode.swift; path = PhotoImportSupport.swift; sourceTree = "<group>"; };
		FC0002190000000000000001 /* WardrobePhotoImportView.swift */ = {isa = PBXFileReference; lastKnownFileType = sourcecode.swift; path = WardrobePhotoImportView.swift; sourceTree = "<group>"; };
		FC00021A0000000000000001 /* FitCheckFirebaseAppDelegate.swift */ = {isa = PBXFileReference; lastKnownFileType = sourcecode.swift; path = FitCheckFirebaseAppDelegate.swift; sourceTree = "<group>"; };
		FC00021B0000000000000001 /* FirebaseAccountService.swift */ = {isa = PBXFileReference; lastKnownFileType = sourcecode.swift; path = FirebaseAccountService.swift; sourceTree = "<group>"; };
		FC00021C0000000000000001 /* AccountView.swift */ = {isa = PBXFileReference; lastKnownFileType = sourcecode.swift; path = AccountView.swift; sourceTree = "<group>"; };
		FC00021D0000000000000001 /* GoogleService-Info.plist */ = {isa = PBXFileReference; lastKnownFileType = text.plist.xml; path = "GoogleService-Info.plist"; sourceTree = "<group>"; };
		FC0002200000000000000001 /* BulkWardrobeImportView.swift */ = {isa = PBXFileReference; lastKnownFileType = sourcecode.swift; path = BulkWardrobeImportView.swift; sourceTree = "<group>"; };
		FC0002210000000000000001 /* AvatarStudioView.swift */ = {isa = PBXFileReference; lastKnownFileType = sourcecode.swift; path = AvatarStudioView.swift; sourceTree = "<group>"; };
/* End PBXFileReference section */

/* Begin PBXFrameworksBuildPhase section */
		FC0003010000000000000001 /* Frameworks */ = {
			isa = PBXFrameworksBuildPhase;
			buildActionMask = 2147483647;
			files = (
				FC00011C0000000000000001 /* FirebaseCore in Frameworks */,
				FC00011D0000000000000001 /* FirebaseAuth in Frameworks */,
				FC00011E0000000000000001 /* FirebaseFirestore in Frameworks */,
			);
			runOnlyForDeploymentPostprocessing = 0;
		};
/* End PBXFrameworksBuildPhase section */

/* Begin PBXGroup section */
		FC0004010000000000000001 = {
			isa = PBXGroup;
			children = (
				FC0004020000000000000001 /* FitCheck */,
				FC00040C0000000000000001 /* Products */,
			);
			sourceTree = "<group>";
		};
		FC0004020000000000000001 /* FitCheck */ = {
			isa = PBXGroup;
			children = (
				FC0004030000000000000001 /* App */,
				FC0004040000000000000001 /* Models */,
				FC0004050000000000000001 /* Services */,
				FC0004060000000000000001 /* Views */,
				FC0002150000000000000001 /* Assets.xcassets */,
				FC00021D0000000000000001 /* GoogleService-Info.plist */,
			);
			path = FitCheck;
			sourceTree = "<group>";
		};
		FC0004030000000000000001 /* App */ = {
			isa = PBXGroup;
			children = (
				FC0002010000000000000001 /* FitCheckApp.swift */,
				FC0002020000000000000001 /* FitCheckRootView.swift */,
				FC0002030000000000000001 /* AppTab.swift */,
				FC00021A0000000000000001 /* FitCheckFirebaseAppDelegate.swift */,
			);
			path = App;
			sourceTree = "<group>";
		};
		FC0004040000000000000001 /* Models */ = {
			isa = PBXGroup;
			children = (
				FC0002040000000000000001 /* FitCheckModels.swift */,
			);
			path = Models;
			sourceTree = "<group>";
		};
		FC0004050000000000000001 /* Services */ = {
			isa = PBXGroup;
			children = (
				FC0002050000000000000001 /* OutfitRecommendationEngine.swift */,
				FC0002060000000000000001 /* OpenAIOutfitClient.swift */,
				FC0002070000000000000001 /* TripPlanningService.swift */,
				FC0002140000000000000001 /* WeatherLookupService.swift */,
				FC0002160000000000000001 /* FitCheckBackupService.swift */,
				FC0002170000000000000001 /* FitCheckHistoryService.swift */,
				FC00021B0000000000000001 /* FirebaseAccountService.swift */,
			);
			path = Services;
			sourceTree = "<group>";
		};
		FC0004060000000000000001 /* Views */ = {
			isa = PBXGroup;
			children = (
				FC0004070000000000000001 /* Home */,
				FC0004110000000000000001 /* Account */,
				FC0004080000000000000001 /* Closet */,
				FC0004090000000000000001 /* Builder */,
				FC0004120000000000000001 /* Avatar */,
				FC00040A0000000000000001 /* History */,
				FC00040B0000000000000001 /* Style */,
				FC00040D0000000000000001 /* Trips */,
				FC00040E0000000000000001 /* Settings */,
				FC00040F0000000000000001 /* Shared */,
			);
			path = Views;
			sourceTree = "<group>";
		};
		FC0004070000000000000001 /* Home */ = {
			isa = PBXGroup;
			children = (
				FC0002090000000000000001 /* TodayOutfitView.swift */,
			);
			path = Home;
			sourceTree = "<group>";
		};
		FC0004110000000000000001 /* Account */ = {
			isa = PBXGroup;
			children = (
				FC00021C0000000000000001 /* AccountView.swift */,
			);
			path = Account;
			sourceTree = "<group>";
		};
		FC0004080000000000000001 /* Closet */ = {
			isa = PBXGroup;
			children = (
				FC00020A0000000000000001 /* ClosetView.swift */,
				FC00020B0000000000000001 /* ClothingItemEditorView.swift */,
				FC0002190000000000000001 /* WardrobePhotoImportView.swift */,
				FC0002200000000000000001 /* BulkWardrobeImportView.swift */,
			);
			path = Closet;
			sourceTree = "<group>";
		};
		FC0004090000000000000001 /* Builder */ = {
			isa = PBXGroup;
			children = (
				FC00020C0000000000000001 /* OutfitBuilderView.swift */,
			);
			path = Builder;
			sourceTree = "<group>";
		};
		FC0004120000000000000001 /* Avatar */ = {
			isa = PBXGroup;
			children = (
				FC0002210000000000000001 /* AvatarStudioView.swift */,
			);
			path = Avatar;
			sourceTree = "<group>";
		};
		FC00040A0000000000000001 /* History */ = {
			isa = PBXGroup;
			children = (
				FC00020D0000000000000001 /* OutfitHistoryView.swift */,
			);
			path = History;
			sourceTree = "<group>";
		};
		FC00040B0000000000000001 /* Style */ = {
			isa = PBXGroup;
			children = (
				FC00020E0000000000000001 /* StylePreferencesView.swift */,
			);
			path = Style;
			sourceTree = "<group>";
		};
		FC00040C0000000000000001 /* Products */ = {
			isa = PBXGroup;
			children = (
				FC0002130000000000000001 /* FitCheck.app */,
			);
			name = Products;
			sourceTree = "<group>";
		};
		FC00040D0000000000000001 /* Trips */ = {
			isa = PBXGroup;
			children = (
				FC00020F0000000000000001 /* TripPlannerView.swift */,
			);
			path = Trips;
			sourceTree = "<group>";
		};
		FC00040E0000000000000001 /* Settings */ = {
			isa = PBXGroup;
			children = (
				FC0002100000000000000001 /* SettingsView.swift */,
			);
			path = Settings;
			sourceTree = "<group>";
		};
		FC00040F0000000000000001 /* Shared */ = {
			isa = PBXGroup;
			children = (
				FC0002080000000000000001 /* RecommendationCard.swift */,
				FC0002110000000000000001 /* MoreView.swift */,
				FC0002180000000000000001 /* PhotoImportSupport.swift */,
			);
			path = Shared;
			sourceTree = "<group>";
		};
/* End PBXGroup section */

/* Begin PBXNativeTarget section */
		FC0005010000000000000001 /* FitCheck */ = {
			isa = PBXNativeTarget;
			buildConfigurationList = FC0007010000000000000001 /* Build configuration list for PBXNativeTarget "FitCheck" */;
			buildPhases = (
				FC0006010000000000000001 /* Sources */,
				FC0003010000000000000001 /* Frameworks */,
				FC0006020000000000000001 /* Resources */,
			);
			buildRules = (
			);
			dependencies = (
			);
			name = FitCheck;
			packageProductDependencies = (
				FC000A010000000000000001 /* FirebaseCore */,
				FC000A020000000000000001 /* FirebaseAuth */,
				FC000A030000000000000001 /* FirebaseFirestore */,
			);
			productName = FitCheck;
			productReference = FC0002130000000000000001 /* FitCheck.app */;
			productType = "com.apple.product-type.application";
		};
/* End PBXNativeTarget section */

/* Begin PBXProject section */
		FC0000010000000000000001 /* Project object */ = {
			isa = PBXProject;
			attributes = {
				BuildIndependentTargetsInParallel = YES;
				LastSwiftUpdateCheck = 2600;
				LastUpgradeCheck = 2650;
				TargetAttributes = {
					FC0005010000000000000001 = {
						CreatedOnToolsVersion = 26.0;
					};
				};
			};
			buildConfigurationList = FC0007000000000000000001 /* Build configuration list for PBXProject "FitCheck" */;
			compatibilityVersion = "Xcode 14.0";
			developmentRegion = en;
			hasScannedForEncodings = 0;
			knownRegions = (
				en,
				Base,
			);
			mainGroup = FC0004010000000000000001;
			packageReferences = (
				FC0009010000000000000001 /* XCRemoteSwiftPackageReference "firebase-ios-sdk" */,
			);
			productRefGroup = FC00040C0000000000000001 /* Products */;
			projectDirPath = "";
			projectRoot = "";
			targets = (
				FC0005010000000000000001 /* FitCheck */,
			);
		};
/* End PBXProject section */

/* Begin PBXResourcesBuildPhase section */
		FC0006020000000000000001 /* Resources */ = {
			isa = PBXResourcesBuildPhase;
			buildActionMask = 2147483647;
			files = (
				FC0001140000000000000001 /* Assets.xcassets in Resources */,
				FC00011F0000000000000001 /* GoogleService-Info.plist in Resources */,
			);
			runOnlyForDeploymentPostprocessing = 0;
		};
/* End PBXResourcesBuildPhase section */

/* Begin PBXSourcesBuildPhase section */
		FC0006010000000000000001 /* Sources */ = {
			isa = PBXSourcesBuildPhase;
			buildActionMask = 2147483647;
			files = (
				FC0001010000000000000001 /* FitCheckApp.swift in Sources */,
				FC0001020000000000000001 /* FitCheckRootView.swift in Sources */,
				FC0001030000000000000001 /* AppTab.swift in Sources */,
				FC0001040000000000000001 /* FitCheckModels.swift in Sources */,
				FC0001050000000000000001 /* OutfitRecommendationEngine.swift in Sources */,
				FC0001060000000000000001 /* OpenAIOutfitClient.swift in Sources */,
				FC0001070000000000000001 /* TripPlanningService.swift in Sources */,
				FC0001130000000000000001 /* WeatherLookupService.swift in Sources */,
				FC0001150000000000000001 /* FitCheckBackupService.swift in Sources */,
				FC0001160000000000000001 /* FitCheckHistoryService.swift in Sources */,
				FC0001080000000000000001 /* RecommendationCard.swift in Sources */,
				FC0001090000000000000001 /* TodayOutfitView.swift in Sources */,
				FC00010A0000000000000001 /* ClosetView.swift in Sources */,
				FC00010B0000000000000001 /* ClothingItemEditorView.swift in Sources */,
				FC00010C0000000000000001 /* OutfitBuilderView.swift in Sources */,
				FC00010D0000000000000001 /* OutfitHistoryView.swift in Sources */,
				FC00010E0000000000000001 /* StylePreferencesView.swift in Sources */,
				FC00010F0000000000000001 /* TripPlannerView.swift in Sources */,
				FC0001100000000000000001 /* SettingsView.swift in Sources */,
				FC0001110000000000000001 /* MoreView.swift in Sources */,
				FC0001170000000000000001 /* PhotoImportSupport.swift in Sources */,
				FC0001180000000000000001 /* WardrobePhotoImportView.swift in Sources */,
				FC0001200000000000000001 /* BulkWardrobeImportView.swift in Sources */,
				FC0001210000000000000001 /* AvatarStudioView.swift in Sources */,
				FC0001190000000000000001 /* FitCheckFirebaseAppDelegate.swift in Sources */,
				FC00011A0000000000000001 /* FirebaseAccountService.swift in Sources */,
				FC00011B0000000000000001 /* AccountView.swift in Sources */,
			);
			runOnlyForDeploymentPostprocessing = 0;
		};
/* End PBXSourcesBuildPhase section */

/* Begin XCRemoteSwiftPackageReference section */
		FC0009010000000000000001 /* XCRemoteSwiftPackageReference "firebase-ios-sdk" */ = {
			isa = XCRemoteSwiftPackageReference;
			repositoryURL = "https://github.com/firebase/firebase-ios-sdk.git";
			requirement = {
				kind = upToNextMajorVersion;
				minimumVersion = 12.13.0;
			};
		};
/* End XCRemoteSwiftPackageReference section */

/* Begin XCSwiftPackageProductDependency section */
		FC000A010000000000000001 /* FirebaseCore */ = {
			isa = XCSwiftPackageProductDependency;
			package = FC0009010000000000000001 /* XCRemoteSwiftPackageReference "firebase-ios-sdk" */;
			productName = FirebaseCore;
		};
		FC000A020000000000000001 /* FirebaseAuth */ = {
			isa = XCSwiftPackageProductDependency;
			package = FC0009010000000000000001 /* XCRemoteSwiftPackageReference "firebase-ios-sdk" */;
			productName = FirebaseAuth;
		};
		FC000A030000000000000001 /* FirebaseFirestore */ = {
			isa = XCSwiftPackageProductDependency;
			package = FC0009010000000000000001 /* XCRemoteSwiftPackageReference "firebase-ios-sdk" */;
			productName = FirebaseFirestore;
		};
/* End XCSwiftPackageProductDependency section */

/* Begin XCBuildConfiguration section */
		FC0008010000000000000001 /* Debug */ = {
			isa = XCBuildConfiguration;
			buildSettings = {
				ALWAYS_SEARCH_USER_PATHS = NO;
				CLANG_ANALYZER_NONNULL = YES;
				CLANG_ANALYZER_NUMBER_OBJECT_CONVERSION = YES_AGGRESSIVE;
				CLANG_CXX_LANGUAGE_STANDARD = "gnu++20";
				CLANG_ENABLE_MODULES = YES;
				CLANG_ENABLE_OBJC_ARC = YES;
				CLANG_ENABLE_OBJC_WEAK = YES;
				CLANG_WARN_BLOCK_CAPTURE_AUTORELEASING = YES;
				CLANG_WARN_BOOL_CONVERSION = YES;
				CLANG_WARN_COMMA = YES;
				CLANG_WARN_CONSTANT_CONVERSION = YES;
				CLANG_WARN_DEPRECATED_OBJC_IMPLEMENTATIONS = YES;
				CLANG_WARN_DOCUMENTATION_COMMENTS = YES;
				CLANG_WARN_EMPTY_BODY = YES;
				CLANG_WARN_ENUM_CONVERSION = YES;
				CLANG_WARN_INFINITE_RECURSION = YES;
				CLANG_WARN_INT_CONVERSION = YES;
				CLANG_WARN_NON_LITERAL_NULL_CONVERSION = YES;
				CLANG_WARN_OBJC_IMPLICIT_RETAIN_SELF = YES;
				CLANG_WARN_OBJC_LITERAL_CONVERSION = YES;
				CLANG_WARN_OBJC_ROOT_CLASS = YES_ERROR;
				CLANG_WARN_QUOTED_INCLUDE_IN_FRAMEWORK_HEADER = YES;
				CLANG_WARN_RANGE_LOOP_ANALYSIS = YES;
				CLANG_WARN_STRICT_PROTOTYPES = YES;
				CLANG_WARN_SUSPICIOUS_MOVE = YES;
				CLANG_WARN_UNGUARDED_AVAILABILITY = YES_AGGRESSIVE;
				CLANG_WARN_UNREACHABLE_CODE = YES;
				CLANG_WARN__DUPLICATE_METHOD_MATCH = YES;
				COPY_PHASE_STRIP = NO;
				DEBUG_INFORMATION_FORMAT = dwarf;
				ENABLE_STRICT_OBJC_MSGSEND = YES;
				ENABLE_TESTABILITY = YES;
				ENABLE_USER_SCRIPT_SANDBOXING = YES;
				GCC_C_LANGUAGE_STANDARD = gnu17;
				GCC_DYNAMIC_NO_PIC = NO;
				GCC_NO_COMMON_BLOCKS = YES;
				GCC_OPTIMIZATION_LEVEL = 0;
				GCC_PREPROCESSOR_DEFINITIONS = (
					"DEBUG=1",
					"$(inherited)",
				);
				GCC_WARN_64_TO_32_BIT_CONVERSION = YES;
				GCC_WARN_ABOUT_RETURN_TYPE = YES_ERROR;
				GCC_WARN_UNDECLARED_SELECTOR = YES;
				GCC_WARN_UNINITIALIZED_AUTOS = YES_AGGRESSIVE;
				GCC_WARN_UNUSED_FUNCTION = YES;
				GCC_WARN_UNUSED_VARIABLE = YES;
				IPHONEOS_DEPLOYMENT_TARGET = 17.0;
				LOCALIZATION_PREFERS_STRING_CATALOGS = YES;
				MTL_ENABLE_DEBUG_INFO = INCLUDE_SOURCE;
				MTL_FAST_MATH = YES;
				ONLY_ACTIVE_ARCH = YES;
				SDKROOT = iphoneos;
				STRING_CATALOG_GENERATE_SYMBOLS = YES;
				SWIFT_ACTIVE_COMPILATION_CONDITIONS = "DEBUG $(inherited)";
				SWIFT_OPTIMIZATION_LEVEL = "-Onone";
			};
			name = Debug;
		};
		FC0008020000000000000001 /* Release */ = {
			isa = XCBuildConfiguration;
			buildSettings = {
				ALWAYS_SEARCH_USER_PATHS = NO;
				CLANG_ANALYZER_NONNULL = YES;
				CLANG_ANALYZER_NUMBER_OBJECT_CONVERSION = YES_AGGRESSIVE;
				CLANG_CXX_LANGUAGE_STANDARD = "gnu++20";
				CLANG_ENABLE_MODULES = YES;
				CLANG_ENABLE_OBJC_ARC = YES;
				CLANG_ENABLE_OBJC_WEAK = YES;
				CLANG_WARN_BLOCK_CAPTURE_AUTORELEASING = YES;
				CLANG_WARN_BOOL_CONVERSION = YES;
				CLANG_WARN_COMMA = YES;
				CLANG_WARN_CONSTANT_CONVERSION = YES;
				CLANG_WARN_DEPRECATED_OBJC_IMPLEMENTATIONS = YES;
				CLANG_WARN_DOCUMENTATION_COMMENTS = YES;
				CLANG_WARN_EMPTY_BODY = YES;
				CLANG_WARN_ENUM_CONVERSION = YES;
				CLANG_WARN_INFINITE_RECURSION = YES;
				CLANG_WARN_INT_CONVERSION = YES;
				CLANG_WARN_NON_LITERAL_NULL_CONVERSION = YES;
				CLANG_WARN_OBJC_IMPLICIT_RETAIN_SELF = YES;
				CLANG_WARN_OBJC_LITERAL_CONVERSION = YES;
				CLANG_WARN_OBJC_ROOT_CLASS = YES_ERROR;
				CLANG_WARN_QUOTED_INCLUDE_IN_FRAMEWORK_HEADER = YES;
				CLANG_WARN_RANGE_LOOP_ANALYSIS = YES;
				CLANG_WARN_STRICT_PROTOTYPES = YES;
				CLANG_WARN_SUSPICIOUS_MOVE = YES;
				CLANG_WARN_UNGUARDED_AVAILABILITY = YES_AGGRESSIVE;
				CLANG_WARN_UNREACHABLE_CODE = YES;
				CLANG_WARN__DUPLICATE_METHOD_MATCH = YES;
				COPY_PHASE_STRIP = NO;
				DEBUG_INFORMATION_FORMAT = "dwarf-with-dsym";
				ENABLE_NS_ASSERTIONS = NO;
				ENABLE_STRICT_OBJC_MSGSEND = YES;
				ENABLE_USER_SCRIPT_SANDBOXING = YES;
				GCC_C_LANGUAGE_STANDARD = gnu17;
				GCC_NO_COMMON_BLOCKS = YES;
				GCC_WARN_64_TO_32_BIT_CONVERSION = YES;
				GCC_WARN_ABOUT_RETURN_TYPE = YES_ERROR;
				GCC_WARN_UNDECLARED_SELECTOR = YES;
				GCC_WARN_UNINITIALIZED_AUTOS = YES_AGGRESSIVE;
				GCC_WARN_UNUSED_FUNCTION = YES;
				GCC_WARN_UNUSED_VARIABLE = YES;
				IPHONEOS_DEPLOYMENT_TARGET = 17.0;
				LOCALIZATION_PREFERS_STRING_CATALOGS = YES;
				MTL_ENABLE_DEBUG_INFO = NO;
				MTL_FAST_MATH = YES;
				SDKROOT = iphoneos;
				STRING_CATALOG_GENERATE_SYMBOLS = YES;
				SWIFT_COMPILATION_MODE = wholemodule;
				VALIDATE_PRODUCT = YES;
			};
			name = Release;
		};
		FC0008030000000000000001 /* Debug */ = {
			isa = XCBuildConfiguration;
			buildSettings = {
				ASSETCATALOG_COMPILER_APPICON_NAME = AppIcon;
				CODE_SIGN_STYLE = Automatic;
				CURRENT_PROJECT_VERSION = 1;
				DEVELOPMENT_TEAM = 9FB62C7Y33;
				ENABLE_PREVIEWS = YES;
				GENERATE_INFOPLIST_FILE = YES;
				INFOPLIST_KEY_CFBundleDisplayName = FitCheck;
				INFOPLIST_KEY_LSApplicationCategoryType = "public.app-category.lifestyle";
				INFOPLIST_KEY_NSCameraUsageDescription = "FitCheck uses the camera to photograph clothing items and avatar reference photos.";
				INFOPLIST_KEY_NSLocationWhenInUseUsageDescription = "FitCheck uses your location to look up local weather for outfit recommendations.";
				INFOPLIST_KEY_UIApplicationSupportsIndirectInputEvents = YES;
				INFOPLIST_KEY_UILaunchScreen_Generation = YES;
				INFOPLIST_KEY_UISupportedInterfaceOrientations_iPhone = UIInterfaceOrientationPortrait;
				MARKETING_VERSION = 1.0;
				PRODUCT_BUNDLE_IDENTIFIER = com.alexcorbin.personal.FitCheck;
				PRODUCT_NAME = "$(TARGET_NAME)";
				SUPPORTED_PLATFORMS = "iphoneos iphonesimulator";
				SWIFT_EMIT_LOC_STRINGS = YES;
				SWIFT_VERSION = 5.0;
				TARGETED_DEVICE_FAMILY = 1;
			};
			name = Debug;
		};
		FC0008040000000000000001 /* Release */ = {
			isa = XCBuildConfiguration;
			buildSettings = {
				ASSETCATALOG_COMPILER_APPICON_NAME = AppIcon;
				CODE_SIGN_STYLE = Automatic;
				CURRENT_PROJECT_VERSION = 1;
				DEVELOPMENT_TEAM = 9FB62C7Y33;
				ENABLE_PREVIEWS = YES;
				GENERATE_INFOPLIST_FILE = YES;
				INFOPLIST_KEY_CFBundleDisplayName = FitCheck;
				INFOPLIST_KEY_LSApplicationCategoryType = "public.app-category.lifestyle";
				INFOPLIST_KEY_NSCameraUsageDescription = "FitCheck uses the camera to photograph clothing items and avatar reference photos.";
				INFOPLIST_KEY_NSLocationWhenInUseUsageDescription = "FitCheck uses your location to look up local weather for outfit recommendations.";
				INFOPLIST_KEY_UIApplicationSupportsIndirectInputEvents = YES;
				INFOPLIST_KEY_UILaunchScreen_Generation = YES;
				INFOPLIST_KEY_UISupportedInterfaceOrientations_iPhone = UIInterfaceOrientationPortrait;
				MARKETING_VERSION = 1.0;
				PRODUCT_BUNDLE_IDENTIFIER = com.alexcorbin.personal.FitCheck;
				PRODUCT_NAME = "$(TARGET_NAME)";
				SUPPORTED_PLATFORMS = "iphoneos iphonesimulator";
				SWIFT_EMIT_LOC_STRINGS = YES;
				SWIFT_VERSION = 5.0;
				TARGETED_DEVICE_FAMILY = 1;
			};
			name = Release;
		};
/* End XCBuildConfiguration section */

/* Begin XCConfigurationList section */
		FC0007000000000000000001 /* Build configuration list for PBXProject "FitCheck" */ = {
			isa = XCConfigurationList;
			buildConfigurations = (
				FC0008010000000000000001 /* Debug */,
				FC0008020000000000000001 /* Release */,
			);
			defaultConfigurationIsVisible = 0;
			defaultConfigurationName = Release;
		};
		FC0007010000000000000001 /* Build configuration list for PBXNativeTarget "FitCheck" */ = {
			isa = XCConfigurationList;
			buildConfigurations = (
				FC0008030000000000000001 /* Debug */,
				FC0008040000000000000001 /* Release */,
			);
			defaultConfigurationIsVisible = 0;
			defaultConfigurationName = Release;
		};
/* End XCConfigurationList section */
	};
	rootObject = FC0000010000000000000001 /* Project object */;
}
